
Microsoft Visual Studio Solution File, Format Version 12.00
# Visual Studio Version 17
VisualStudioVersion = 17.3.32825.248
MinimumVisualStudioVersion = 10.0.40219.1
Project("{FAE04EC0-301F-11D3-BF4B-00C04F79EFBC}") = "Q1", "Q1\Q1.csproj", "{160EAE22-4B68-4662-87DB-A3E44E52EDCC}"
EndProject
Global
	GlobalSection(SolutionConfigurationPlatforms) = preSolution
		Debug|Any CPU = Debug|Any CPU
		Release|Any CPU = Release|Any CPU
	EndGlobalSection
	GlobalSection(ProjectConfigurationPlatforms) = postSolution
		{160EAE22-4B68-4662-87DB-A3E44E52EDCC}.Debug|Any CPU.ActiveCfg = Debug|Any CPU
		{160EAE22-4B68-4662-87DB-A3E44E52EDCC}.Debug|Any CPU.Build.0 = Debug|Any CPU
		{160EAE22-4B68-4662-87DB-A3E44E52EDCC}.Release|Any CPU.ActiveCfg = Release|Any CPU
		{160EAE22-4B68-4662-87DB-A3E44E52EDCC}.Release|Any CPU.Build.0 = Release|Any CPU
	EndGlobalSection
	GlobalSection(SolutionProperties) = preSolution
		HideSolutionNode = FALSE
	EndGlobalSection
	GlobalSection(ExtensibilityGlobals) = postSolution
		SolutionGuid = {CB66721A-A9D4-4C36-9856-9F4EA864FB70}
	EndGlobalSection
EndGlobal
